// !$*UTF8*$!
{
	archiveVersion = 1;
	classes = {
	};
	objectVersion = 54;
	objects = {

/* Begin PBXBuildFile section */
		00EBFCBAB53B4CBB8C889BEC /* Montserrat-ExtraLightItalic.ttf in Resources */ = {isa = PBXBuildFile; fileRef = 99C8D1E1E9E64DF4A4053872 /* Montserrat-ExtraLightItalic.ttf */; };
		13B07FBF1A68108700A75B9A /* Images.xcassets in Resources */ = {isa = PBXBuildFile; fileRef = 13B07FB51A68108700A75B9A /* Images.xcassets */; };
		148CFDEEF5EC400CAFCB3EE2 /* Poppins-Medium.ttf in Resources */ = {isa = PBXBuildFile; fileRef = 4AA12F400A594D0CB7266E6F /* Poppins-Medium.ttf */; };
		2011A33DE06644329F613E43 /* Poppins-BoldItalic.ttf in Resources */ = {isa = PBXBuildFile; fileRef = 07F90224233B40D89AF36755 /* Poppins-BoldItalic.ttf */; };
		2601DAAAD59D4BBB9DA90B67 /* Montserrat-Bold.ttf in Resources */ = {isa = PBXBuildFile; fileRef = 67AF1FAB418A4B79A20AF01D /* Montserrat-Bold.ttf */; };
		26388D0DAFCE4EE6871774E9 /* OFL.txt in Resources */ = {isa = PBXBuildFile; fileRef = 32F81F0873C1404ABFB3536A /* OFL.txt */; };
		2E5C188EAC4B458C945D4444 /* Montserrat-Italic.ttf in Resources */ = {isa = PBXBuildFile; fileRef = 011CE7F1FA2548BB8B6ABA86 /* Montserrat-Italic.ttf */; };
		31F3274B90A1457AB5B9D4F9 /* README.txt in Resources */ = {isa = PBXBuildFile; fileRef = 54B2676755EB44129B6BE1D1 /* README.txt */; };
		320D2F3B7D1C4D76B022176E /* Montserrat-Italic-VariableFont_wght.ttf in Resources */ = {isa = PBXBuildFile; fileRef = 0F845B215DD34DDEA24AE613 /* Montserrat-Italic-VariableFont_wght.ttf */; };
		34C4EB455C5B4B4BA8486F78 /* Montserrat-ThinItalic.ttf in Resources */ = {isa = PBXBuildFile; fileRef = 1A9157189A09494580598B68 /* Montserrat-ThinItalic.ttf */; };
		35EA07E51DE14B11A50873F0 /* Montserrat-Thin.ttf in Resources */ = {isa = PBXBuildFile; fileRef = DF1ED5AFBCB440829D8F167C /* Montserrat-Thin.ttf */; };
		46B014CCFEA048EB92F7378F /* Poppins-Thin.ttf in Resources */ = {isa = PBXBuildFile; fileRef = 8AA1407A99BC41FC94889112 /* Poppins-Thin.ttf */; };
		50993731BA2C46FCBDB31EA9 /* Montserrat-Regular.ttf in Resources */ = {isa = PBXBuildFile; fileRef = C8FCF5522EEC4E06A0706B5F /* Montserrat-Regular.ttf */; };
		568794D8FEC4459C87A4C80E /* Montserrat-Medium.ttf in Resources */ = {isa = PBXBuildFile; fileRef = 25C3A2CED7FB429B9CF19626 /* Montserrat-Medium.ttf */; };
		5CF06381125544C0B31D1B32 /* Poppins-ExtraLightItalic.ttf in Resources */ = {isa = PBXBuildFile; fileRef = F3D4AED01CBF4F30A9C42275 /* Poppins-ExtraLightItalic.ttf */; };
		6022C0A098F3456CB51717EB /* Poppins-ExtraBoldItalic.ttf in Resources */ = {isa = PBXBuildFile; fileRef = 8E50B4DA27924B309E0DE0E6 /* Poppins-ExtraBoldItalic.ttf */; };
		6979BC7DB0B96FECA5ED505F /* libPods-PrajaClientMobileApp.a in Frameworks */ = {isa = PBXBuildFile; fileRef = 707CA339B77EA25944FD3890 /* libPods-PrajaClientMobileApp.a */; };
		6A844F6B95534DB8B0CA650B /* Poppins-LightItalic.ttf in Resources */ = {isa = PBXBuildFile; fileRef = 51022B7F6110499281AC3104 /* Poppins-LightItalic.ttf */; };
		761780ED2CA45674006654EE /* AppDelegate.swift in Sources */ = {isa = PBXBuildFile; fileRef = 761780EC2CA45674006654EE /* AppDelegate.swift */; };
		7AAB08EA82FA4F878FFEABEF /* Montserrat-ExtraBold.ttf in Resources */ = {isa = PBXBuildFile; fileRef = 58370142C69D4BCCADDA180E /* Montserrat-ExtraBold.ttf */; };
		7BBCFFC4D51E4E1580D03034 /* Montserrat-ExtraLight.ttf in Resources */ = {isa = PBXBuildFile; fileRef = 3820BCF44B224515B34B6533 /* Montserrat-ExtraLight.ttf */; };
		81AB9BB82411601600AC10FF /* LaunchScreen.storyboard in Resources */ = {isa = PBXBuildFile; fileRef = 81AB9BB72411601600AC10FF /* LaunchScreen.storyboard */; };
		88DF323D139043A383CE11C6 /* Montserrat-Light.ttf in Resources */ = {isa = PBXBuildFile; fileRef = BD1251A907934B9DB4245361 /* Montserrat-Light.ttf */; };
		8D1A80832A4D4AC9B99FD06B /* Montserrat-LightItalic.ttf in Resources */ = {isa = PBXBuildFile; fileRef = 96201A21EA374C9A90FF4B53 /* Montserrat-LightItalic.ttf */; };
		98A03894C2E94B9CB1C869C0 /* Poppins-Black.ttf in Resources */ = {isa = PBXBuildFile; fileRef = 153C6933E80342979D91B0E3 /* Poppins-Black.ttf */; };
		A1EA5C2158F14861A59093CF /* Poppins-Italic.ttf in Resources */ = {isa = PBXBuildFile; fileRef = 682DC37C0EA74ED59F975668 /* Poppins-Italic.ttf */; };
		A5C066634CA44318B63C02B3 /* Montserrat-VariableFont_wght.ttf in Resources */ = {isa = PBXBuildFile; fileRef = 1FCEAD284D01414EA0959B0C /* Montserrat-VariableFont_wght.ttf */; };
		AB5258E6A97D411D9E074E4F /* Poppins-ExtraLight.ttf in Resources */ = {isa = PBXBuildFile; fileRef = 344C523F7CF14E52B7900365 /* Poppins-ExtraLight.ttf */; };
		AB739954152648158B7B7E9C /* Poppins-MediumItalic.ttf in Resources */ = {isa = PBXBuildFile; fileRef = 93FA4399D15D48C29AE68988 /* Poppins-MediumItalic.ttf */; };
		B26545D6B85341AFA09C1313 /* Montserrat-MediumItalic.ttf in Resources */ = {isa = PBXBuildFile; fileRef = A91F5811D8634F2E823A8C94 /* Montserrat-MediumItalic.ttf */; };
		B8D84B6BD5004D4D95194C9D /* Poppins-ExtraBold.ttf in Resources */ = {isa = PBXBuildFile; fileRef = 263944C995F64953A98E0771 /* Poppins-ExtraBold.ttf */; };
		BA6019A09CD146F39452A319 /* Montserrat-SemiBold.ttf in Resources */ = {isa = PBXBuildFile; fileRef = EFA6D7A7ECE044B2BB13DBAA /* Montserrat-SemiBold.ttf */; };
		BCF48108764043A9B5DA02F0 /* Poppins-BlackItalic.ttf in Resources */ = {isa = PBXBuildFile; fileRef = D4D0D5CBE6164ED69A0D53C8 /* Poppins-BlackItalic.ttf */; };
		BF803373F4024D9F90169F57 /* Montserrat-BlackItalic.ttf in Resources */ = {isa = PBXBuildFile; fileRef = CCE8F74DF3B1478F9AD61A72 /* Montserrat-BlackItalic.ttf */; };
		C20A90E840B743C3B26B4C6F /* Montserrat-SemiBoldItalic.ttf in Resources */ = {isa = PBXBuildFile; fileRef = D623D3E369CD4C8E841728BF /* Montserrat-SemiBoldItalic.ttf */; };
		CDD77F1C7BA040BFAF85F8CD /* Poppins-Regular.ttf in Resources */ = {isa = PBXBuildFile; fileRef = 7C0382C6EA96440DB3550BD5 /* Poppins-Regular.ttf */; };
		DD7948F164534E16B5F8884A /* Poppins-Light.ttf in Resources */ = {isa = PBXBuildFile; fileRef = AAFD00F31EBD4519BB16A7B3 /* Poppins-Light.ttf */; };
		DF77573276BF4C948229EEB4 /* Poppins-SemiBoldItalic.ttf in Resources */ = {isa = PBXBuildFile; fileRef = 5EA879622A1F46DAA63340EB /* Poppins-SemiBoldItalic.ttf */; };
		E2B0DC0CCA31A81CE5D7E36D /* PrivacyInfo.xcprivacy in Resources */ = {isa = PBXBuildFile; fileRef = 13B07FB81A68108700A75B9A /* PrivacyInfo.xcprivacy */; };
		E770335635CC4719B2A20A06 /* Poppins-SemiBold.ttf in Resources */ = {isa = PBXBuildFile; fileRef = BF885958A7B5481B80E0C313 /* Poppins-SemiBold.ttf */; };
		E77124B679BD4238AF0D657D /* Poppins-Bold.ttf in Resources */ = {isa = PBXBuildFile; fileRef = 9E3505909BCB405BA1F342F9 /* Poppins-Bold.ttf */; };
		EBA50F42A59A4F2ABE63BBB8 /* Poppins-ThinItalic.ttf in Resources */ = {isa = PBXBuildFile; fileRef = E5A1FF18500440FFA49F304C /* Poppins-ThinItalic.ttf */; };
		EE49E18AE0FE4B4AA4604BB5 /* Montserrat-Black.ttf in Resources */ = {isa = PBXBuildFile; fileRef = 685FEB304B6E49C8A93C61DC /* Montserrat-Black.ttf */; };
		F5F40D5139FD4EBEA6015548 /* Montserrat-ExtraBoldItalic.ttf in Resources */ = {isa = PBXBuildFile; fileRef = FAA2AA7317DB402BB419E335 /* Montserrat-ExtraBoldItalic.ttf */; };
		F6C0E56AB76F4980B104B0C6 /* Montserrat-BoldItalic.ttf in Resources */ = {isa = PBXBuildFile; fileRef = 8336D05A1CE1475A94E91FCE /* Montserrat-BoldItalic.ttf */; };
/* End PBXBuildFile section */

/* Begin PBXFileReference section */
		008039859E2ADCFD7F51E3ED /* Pods-PrajaClientMobileApp.debug.xcconfig */ = {isa = PBXFileReference; includeInIndex = 1; lastKnownFileType = text.xcconfig; name = "Pods-PrajaClientMobileApp.debug.xcconfig"; path = "Target Support Files/Pods-PrajaClientMobileApp/Pods-PrajaClientMobileApp.debug.xcconfig"; sourceTree = "<group>"; };
		011CE7F1FA2548BB8B6ABA86 /* Montserrat-Italic.ttf */ = {isa = PBXFileReference; explicitFileType = undefined; fileEncoding = undefined; includeInIndex = 0; lastKnownFileType = unknown; name = "Montserrat-Italic.ttf"; path = "../src/assets/fonts/Montserrat/static/Montserrat-Italic.ttf"; sourceTree = "<group>"; };
		07F90224233B40D89AF36755 /* Poppins-BoldItalic.ttf */ = {isa = PBXFileReference; explicitFileType = undefined; fileEncoding = undefined; includeInIndex = 0; lastKnownFileType = unknown; name = "Poppins-BoldItalic.ttf"; path = "../src/assets/fonts/Poppins/Poppins-BoldItalic.ttf"; sourceTree = "<group>"; };
		0F845B215DD34DDEA24AE613 /* Montserrat-Italic-VariableFont_wght.ttf */ = {isa = PBXFileReference; explicitFileType = undefined; fileEncoding = undefined; includeInIndex = 0; lastKnownFileType = unknown; name = "Montserrat-Italic-VariableFont_wght.ttf"; path = "../src/assets/fonts/Montserrat/Montserrat-Italic-VariableFont_wght.ttf"; sourceTree = "<group>"; };
		13B07F961A680F5B00A75B9A /* PrajaClientMobileApp.app */ = {isa = PBXFileReference; explicitFileType = wrapper.application; includeInIndex = 0; path = PrajaClientMobileApp.app; sourceTree = BUILT_PRODUCTS_DIR; };
		13B07FB51A68108700A75B9A /* Images.xcassets */ = {isa = PBXFileReference; lastKnownFileType = folder.assetcatalog; name = Images.xcassets; path = PrajaClientMobileApp/Images.xcassets; sourceTree = "<group>"; };
		13B07FB61A68108700A75B9A /* Info.plist */ = {isa = PBXFileReference; fileEncoding = 4; lastKnownFileType = text.plist.xml; name = Info.plist; path = PrajaClientMobileApp/Info.plist; sourceTree = "<group>"; };
		13B07FB81A68108700A75B9A /* PrivacyInfo.xcprivacy */ = {isa = PBXFileReference; fileEncoding = 4; lastKnownFileType = text.plist.xml; name = PrivacyInfo.xcprivacy; path = PrajaClientMobileApp/PrivacyInfo.xcprivacy; sourceTree = "<group>"; };
		153C6933E80342979D91B0E3 /* Poppins-Black.ttf */ = {isa = PBXFileReference; explicitFileType = undefined; fileEncoding = undefined; includeInIndex = 0; lastKnownFileType = unknown; name = "Poppins-Black.ttf"; path = "../src/assets/fonts/Poppins/Poppins-Black.ttf"; sourceTree = "<group>"; };
		1A9157189A09494580598B68 /* Montserrat-ThinItalic.ttf */ = {isa = PBXFileReference; explicitFileType = undefined; fileEncoding = undefined; includeInIndex = 0; lastKnownFileType = unknown; name = "Montserrat-ThinItalic.ttf"; path = "../src/assets/fonts/Montserrat/static/Montserrat-ThinItalic.ttf"; sourceTree = "<group>"; };
		1FCEAD284D01414EA0959B0C /* Montserrat-VariableFont_wght.ttf */ = {isa = PBXFileReference; explicitFileType = undefined; fileEncoding = undefined; includeInIndex = 0; lastKnownFileType = unknown; name = "Montserrat-VariableFont_wght.ttf"; path = "../src/assets/fonts/Montserrat/Montserrat-VariableFont_wght.ttf"; sourceTree = "<group>"; };
		25C3A2CED7FB429B9CF19626 /* Montserrat-Medium.ttf */ = {isa = PBXFileReference; explicitFileType = undefined; fileEncoding = undefined; includeInIndex = 0; lastKnownFileType = unknown; name = "Montserrat-Medium.ttf"; path = "../src/assets/fonts/Montserrat/static/Montserrat-Medium.ttf"; sourceTree = "<group>"; };
		26228806D898EC301F7CA621 /* Pods-PrajaClientMobileApp.release.xcconfig */ = {isa = PBXFileReference; includeInIndex = 1; lastKnownFileType = text.xcconfig; name = "Pods-PrajaClientMobileApp.release.xcconfig"; path = "Target Support Files/Pods-PrajaClientMobileApp/Pods-PrajaClientMobileApp.release.xcconfig"; sourceTree = "<group>"; };
		263944C995F64953A98E0771 /* Poppins-ExtraBold.ttf */ = {isa = PBXFileReference; explicitFileType = undefined; fileEncoding = undefined; includeInIndex = 0; lastKnownFileType = unknown; name = "Poppins-ExtraBold.ttf"; path = "../src/assets/fonts/Poppins/Poppins-ExtraBold.ttf"; sourceTree = "<group>"; };
		32F81F0873C1404ABFB3536A /* OFL.txt */ = {isa = PBXFileReference; explicitFileType = undefined; fileEncoding = undefined; includeInIndex = 0; lastKnownFileType = unknown; name = OFL.txt; path = ../src/assets/fonts/Montserrat/OFL.txt; sourceTree = "<group>"; };
		344C523F7CF14E52B7900365 /* Poppins-ExtraLight.ttf */ = {isa = PBXFileReference; explicitFileType = undefined; fileEncoding = undefined; includeInIndex = 0; lastKnownFileType = unknown; name = "Poppins-ExtraLight.ttf"; path = "../src/assets/fonts/Poppins/Poppins-ExtraLight.ttf"; sourceTree = "<group>"; };
		3820BCF44B224515B34B6533 /* Montserrat-ExtraLight.ttf */ = {isa = PBXFileReference; explicitFileType = undefined; fileEncoding = undefined; includeInIndex = 0; lastKnownFileType = unknown; name = "Montserrat-ExtraLight.ttf"; path = "../src/assets/fonts/Montserrat/static/Montserrat-ExtraLight.ttf"; sourceTree = "<group>"; };
		4AA12F400A594D0CB7266E6F /* Poppins-Medium.ttf */ = {isa = PBXFileReference; explicitFileType = undefined; fileEncoding = undefined; includeInIndex = 0; lastKnownFileType = unknown; name = "Poppins-Medium.ttf"; path = "../src/assets/fonts/Poppins/Poppins-Medium.ttf"; sourceTree = "<group>"; };
		51022B7F6110499281AC3104 /* Poppins-LightItalic.ttf */ = {isa = PBXFileReference; explicitFileType = undefined; fileEncoding = undefined; includeInIndex = 0; lastKnownFileType = unknown; name = "Poppins-LightItalic.ttf"; path = "../src/assets/fonts/Poppins/Poppins-LightItalic.ttf"; sourceTree = "<group>"; };
		54B2676755EB44129B6BE1D1 /* README.txt */ = {isa = PBXFileReference; explicitFileType = undefined; fileEncoding = undefined; includeInIndex = 0; lastKnownFileType = unknown; name = README.txt; path = ../src/assets/fonts/Montserrat/README.txt; sourceTree = "<group>"; };
		58370142C69D4BCCADDA180E /* Montserrat-ExtraBold.ttf */ = {isa = PBXFileReference; explicitFileType = undefined; fileEncoding = undefined; includeInIndex = 0; lastKnownFileType = unknown; name = "Montserrat-ExtraBold.ttf"; path = "../src/assets/fonts/Montserrat/static/Montserrat-ExtraBold.ttf"; sourceTree = "<group>"; };
		5EA879622A1F46DAA63340EB /* Poppins-SemiBoldItalic.ttf */ = {isa = PBXFileReference; explicitFileType = undefined; fileEncoding = undefined; includeInIndex = 0; lastKnownFileType = unknown; name = "Poppins-SemiBoldItalic.ttf"; path = "../src/assets/fonts/Poppins/Poppins-SemiBoldItalic.ttf"; sourceTree = "<group>"; };
		67AF1FAB418A4B79A20AF01D /* Montserrat-Bold.ttf */ = {isa = PBXFileReference; explicitFileType = undefined; fileEncoding = undefined; includeInIndex = 0; lastKnownFileType = unknown; name = "Montserrat-Bold.ttf"; path = "../src/assets/fonts/Montserrat/static/Montserrat-Bold.ttf"; sourceTree = "<group>"; };
		682DC37C0EA74ED59F975668 /* Poppins-Italic.ttf */ = {isa = PBXFileReference; explicitFileType = undefined; fileEncoding = undefined; includeInIndex = 0; lastKnownFileType = unknown; name = "Poppins-Italic.ttf"; path = "../src/assets/fonts/Poppins/Poppins-Italic.ttf"; sourceTree = "<group>"; };
		685FEB304B6E49C8A93C61DC /* Montserrat-Black.ttf */ = {isa = PBXFileReference; explicitFileType = undefined; fileEncoding = undefined; includeInIndex = 0; lastKnownFileType = unknown; name = "Montserrat-Black.ttf"; path = "../src/assets/fonts/Montserrat/static/Montserrat-Black.ttf"; sourceTree = "<group>"; };
		707CA339B77EA25944FD3890 /* libPods-PrajaClientMobileApp.a */ = {isa = PBXFileReference; explicitFileType = archive.ar; includeInIndex = 0; path = "libPods-PrajaClientMobileApp.a"; sourceTree = BUILT_PRODUCTS_DIR; };
		761780EC2CA45674006654EE /* AppDelegate.swift */ = {isa = PBXFileReference; lastKnownFileType = sourcecode.swift; name = AppDelegate.swift; path = PrajaClientMobileApp/AppDelegate.swift; sourceTree = "<group>"; };
		7C0382C6EA96440DB3550BD5 /* Poppins-Regular.ttf */ = {isa = PBXFileReference; explicitFileType = undefined; fileEncoding = undefined; includeInIndex = 0; lastKnownFileType = unknown; name = "Poppins-Regular.ttf"; path = "../src/assets/fonts/Poppins/Poppins-Regular.ttf"; sourceTree = "<group>"; };
		81AB9BB72411601600AC10FF /* LaunchScreen.storyboard */ = {isa = PBXFileReference; fileEncoding = 4; lastKnownFileType = file.storyboard; name = LaunchScreen.storyboard; path = PrajaClientMobileApp/LaunchScreen.storyboard; sourceTree = "<group>"; };
		8336D05A1CE1475A94E91FCE /* Montserrat-BoldItalic.ttf */ = {isa = PBXFileReference; explicitFileType = undefined; fileEncoding = undefined; includeInIndex = 0; lastKnownFileType = unknown; name = "Montserrat-BoldItalic.ttf"; path = "../src/assets/fonts/Montserrat/static/Montserrat-BoldItalic.ttf"; sourceTree = "<group>"; };
		8AA1407A99BC41FC94889112 /* Poppins-Thin.ttf */ = {isa = PBXFileReference; explicitFileType = undefined; fileEncoding = undefined; includeInIndex = 0; lastKnownFileType = unknown; name = "Poppins-Thin.ttf"; path = "../src/assets/fonts/Poppins/Poppins-Thin.ttf"; sourceTree = "<group>"; };
		8E50B4DA27924B309E0DE0E6 /* Poppins-ExtraBoldItalic.ttf */ = {isa = PBXFileReference; explicitFileType = undefined; fileEncoding = undefined; includeInIndex = 0; lastKnownFileType = unknown; name = "Poppins-ExtraBoldItalic.ttf"; path = "../src/assets/fonts/Poppins/Poppins-ExtraBoldItalic.ttf"; sourceTree = "<group>"; };
		93FA4399D15D48C29AE68988 /* Poppins-MediumItalic.ttf */ = {isa = PBXFileReference; explicitFileType = undefined; fileEncoding = undefined; includeInIndex = 0; lastKnownFileType = unknown; name = "Poppins-MediumItalic.ttf"; path = "../src/assets/fonts/Poppins/Poppins-MediumItalic.ttf"; sourceTree = "<group>"; };
		96201A21EA374C9A90FF4B53 /* Montserrat-LightItalic.ttf */ = {isa = PBXFileReference; explicitFileType = undefined; fileEncoding = undefined; includeInIndex = 0; lastKnownFileType = unknown; name = "Montserrat-LightItalic.ttf"; path = "../src/assets/fonts/Montserrat/static/Montserrat-LightItalic.ttf"; sourceTree = "<group>"; };
		99C8D1E1E9E64DF4A4053872 /* Montserrat-ExtraLightItalic.ttf */ = {isa = PBXFileReference; explicitFileType = undefined; fileEncoding = undefined; includeInIndex = 0; lastKnownFileType = unknown; name = "Montserrat-ExtraLightItalic.ttf"; path = "../src/assets/fonts/Montserrat/static/Montserrat-ExtraLightItalic.ttf"; sourceTree = "<group>"; };
		9E3505909BCB405BA1F342F9 /* Poppins-Bold.ttf */ = {isa = PBXFileReference; explicitFileType = undefined; fileEncoding = undefined; includeInIndex = 0; lastKnownFileType = unknown; name = "Poppins-Bold.ttf"; path = "../src/assets/fonts/Poppins/Poppins-Bold.ttf"; sourceTree = "<group>"; };
		A91F5811D8634F2E823A8C94 /* Montserrat-MediumItalic.ttf */ = {isa = PBXFileReference; explicitFileType = undefined; fileEncoding = undefined; includeInIndex = 0; lastKnownFileType = unknown; name = "Montserrat-MediumItalic.ttf"; path = "../src/assets/fonts/Montserrat/static/Montserrat-MediumItalic.ttf"; sourceTree = "<group>"; };
		AAFD00F31EBD4519BB16A7B3 /* Poppins-Light.ttf */ = {isa = PBXFileReference; explicitFileType = undefined; fileEncoding = undefined; includeInIndex = 0; lastKnownFileType = unknown; name = "Poppins-Light.ttf"; path = "../src/assets/fonts/Poppins/Poppins-Light.ttf"; sourceTree = "<group>"; };
		BD1251A907934B9DB4245361 /* Montserrat-Light.ttf */ = {isa = PBXFileReference; explicitFileType = undefined; fileEncoding = undefined; includeInIndex = 0; lastKnownFileType = unknown; name = "Montserrat-Light.ttf"; path = "../src/assets/fonts/Montserrat/static/Montserrat-Light.ttf"; sourceTree = "<group>"; };
		BF885958A7B5481B80E0C313 /* Poppins-SemiBold.ttf */ = {isa = PBXFileReference; explicitFileType = undefined; fileEncoding = undefined; includeInIndex = 0; lastKnownFileType = unknown; name = "Poppins-SemiBold.ttf"; path = "../src/assets/fonts/Poppins/Poppins-SemiBold.ttf"; sourceTree = "<group>"; };
		C8FCF5522EEC4E06A0706B5F /* Montserrat-Regular.ttf */ = {isa = PBXFileReference; explicitFileType = undefined; fileEncoding = undefined; includeInIndex = 0; lastKnownFileType = unknown; name = "Montserrat-Regular.ttf"; path = "../src/assets/fonts/Montserrat/static/Montserrat-Regular.ttf"; sourceTree = "<group>"; };
		CCE8F74DF3B1478F9AD61A72 /* Montserrat-BlackItalic.ttf */ = {isa = PBXFileReference; explicitFileType = undefined; fileEncoding = undefined; includeInIndex = 0; lastKnownFileType = unknown; name = "Montserrat-BlackItalic.ttf"; path = "../src/assets/fonts/Montserrat/static/Montserrat-BlackItalic.ttf"; sourceTree = "<group>"; };
		D4D0D5CBE6164ED69A0D53C8 /* Poppins-BlackItalic.ttf */ = {isa = PBXFileReference; explicitFileType = undefined; fileEncoding = undefined; includeInIndex = 0; lastKnownFileType = unknown; name = "Poppins-BlackItalic.ttf"; path = "../src/assets/fonts/Poppins/Poppins-BlackItalic.ttf"; sourceTree = "<group>"; };
		D623D3E369CD4C8E841728BF /* Montserrat-SemiBoldItalic.ttf */ = {isa = PBXFileReference; explicitFileType = undefined; fileEncoding = undefined; includeInIndex = 0; lastKnownFileType = unknown; name = "Montserrat-SemiBoldItalic.ttf"; path = "../src/assets/fonts/Montserrat/static/Montserrat-SemiBoldItalic.ttf"; sourceTree = "<group>"; };
		DF1ED5AFBCB440829D8F167C /* Montserrat-Thin.ttf */ = {isa = PBXFileReference; explicitFileType = undefined; fileEncoding = undefined; includeInIndex = 0; lastKnownFileType = unknown; name = "Montserrat-Thin.ttf"; path = "../src/assets/fonts/Montserrat/static/Montserrat-Thin.ttf"; sourceTree = "<group>"; };
		E5A1FF18500440FFA49F304C /* Poppins-ThinItalic.ttf */ = {isa = PBXFileReference; explicitFileType = undefined; fileEncoding = undefined; includeInIndex = 0; lastKnownFileType = unknown; name = "Poppins-ThinItalic.ttf"; path = "../src/assets/fonts/Poppins/Poppins-ThinItalic.ttf"; sourceTree = "<group>"; };
		ED297162215061F000B7C4FE /* JavaScriptCore.framework */ = {isa = PBXFileReference; lastKnownFileType = wrapper.framework; name = JavaScriptCore.framework; path = System/Library/Frameworks/JavaScriptCore.framework; sourceTree = SDKROOT; };
		EFA6D7A7ECE044B2BB13DBAA /* Montserrat-SemiBold.ttf */ = {isa = PBXFileReference; explicitFileType = undefined; fileEncoding = undefined; includeInIndex = 0; lastKnownFileType = unknown; name = "Montserrat-SemiBold.ttf"; path = "../src/assets/fonts/Montserrat/static/Montserrat-SemiBold.ttf"; sourceTree = "<group>"; };
		F3D4AED01CBF4F30A9C42275 /* Poppins-ExtraLightItalic.ttf */ = {isa = PBXFileReference; explicitFileType = undefined; fileEncoding = undefined; includeInIndex = 0; lastKnownFileType = unknown; name = "Poppins-ExtraLightItalic.ttf"; path = "../src/assets/fonts/Poppins/Poppins-ExtraLightItalic.ttf"; sourceTree = "<group>"; };
		FAA2AA7317DB402BB419E335 /* Montserrat-ExtraBoldItalic.ttf */ = {isa = PBXFileReference; explicitFileType = undefined; fileEncoding = undefined; includeInIndex = 0; lastKnownFileType = unknown; name = "Montserrat-ExtraBoldItalic.ttf"; path = "../src/assets/fonts/Montserrat/static/Montserrat-ExtraBoldItalic.ttf"; sourceTree = "<group>"; };
/* End PBXFileReference section */

/* Begin PBXFrameworksBuildPhase section */
		13B07F8C1A680F5B00A75B9A /* Frameworks */ = {
			isa = PBXFrameworksBuildPhase;
			buildActionMask = 2147483647;
			files = (
				6979BC7DB0B96FECA5ED505F /* libPods-PrajaClientMobileApp.a in Frameworks */,
			);
			runOnlyForDeploymentPostprocessing = 0;
		};
/* End PBXFrameworksBuildPhase section */

/* Begin PBXGroup section */
		13B07FAE1A68108700A75B9A /* PrajaClientMobileApp */ = {
			isa = PBXGroup;
			children = (
				13B07FB51A68108700A75B9A /* Images.xcassets */,
				761780EC2CA45674006654EE /* AppDelegate.swift */,
				13B07FB61A68108700A75B9A /* Info.plist */,
				81AB9BB72411601600AC10FF /* LaunchScreen.storyboard */,
				13B07FB81A68108700A75B9A /* PrivacyInfo.xcprivacy */,
			);
			name = PrajaClientMobileApp;
			sourceTree = "<group>";
		};
		2D16E6871FA4F8E400B85C8A /* Frameworks */ = {
			isa = PBXGroup;
			children = (
				ED297162215061F000B7C4FE /* JavaScriptCore.framework */,
				707CA339B77EA25944FD3890 /* libPods-PrajaClientMobileApp.a */,
			);
			name = Frameworks;
			sourceTree = "<group>";
		};
		7C346DEF020942B4BD8A6A76 /* Resources */ = {
			isa = PBXGroup;
			children = (
				0F845B215DD34DDEA24AE613 /* Montserrat-Italic-VariableFont_wght.ttf */,
				1FCEAD284D01414EA0959B0C /* Montserrat-VariableFont_wght.ttf */,
				685FEB304B6E49C8A93C61DC /* Montserrat-Black.ttf */,
				CCE8F74DF3B1478F9AD61A72 /* Montserrat-BlackItalic.ttf */,
				67AF1FAB418A4B79A20AF01D /* Montserrat-Bold.ttf */,
				8336D05A1CE1475A94E91FCE /* Montserrat-BoldItalic.ttf */,
				58370142C69D4BCCADDA180E /* Montserrat-ExtraBold.ttf */,
				FAA2AA7317DB402BB419E335 /* Montserrat-ExtraBoldItalic.ttf */,
				3820BCF44B224515B34B6533 /* Montserrat-ExtraLight.ttf */,
				99C8D1E1E9E64DF4A4053872 /* Montserrat-ExtraLightItalic.ttf */,
				011CE7F1FA2548BB8B6ABA86 /* Montserrat-Italic.ttf */,
				BD1251A907934B9DB4245361 /* Montserrat-Light.ttf */,
				96201A21EA374C9A90FF4B53 /* Montserrat-LightItalic.ttf */,
				25C3A2CED7FB429B9CF19626 /* Montserrat-Medium.ttf */,
				A91F5811D8634F2E823A8C94 /* Montserrat-MediumItalic.ttf */,
				C8FCF5522EEC4E06A0706B5F /* Montserrat-Regular.ttf */,
				EFA6D7A7ECE044B2BB13DBAA /* Montserrat-SemiBold.ttf */,
				D623D3E369CD4C8E841728BF /* Montserrat-SemiBoldItalic.ttf */,
				DF1ED5AFBCB440829D8F167C /* Montserrat-Thin.ttf */,
				1A9157189A09494580598B68 /* Montserrat-ThinItalic.ttf */,
				153C6933E80342979D91B0E3 /* Poppins-Black.ttf */,
				D4D0D5CBE6164ED69A0D53C8 /* Poppins-BlackItalic.ttf */,
				9E3505909BCB405BA1F342F9 /* Poppins-Bold.ttf */,
				07F90224233B40D89AF36755 /* Poppins-BoldItalic.ttf */,
				263944C995F64953A98E0771 /* Poppins-ExtraBold.ttf */,
				8E50B4DA27924B309E0DE0E6 /* Poppins-ExtraBoldItalic.ttf */,
				344C523F7CF14E52B7900365 /* Poppins-ExtraLight.ttf */,
				F3D4AED01CBF4F30A9C42275 /* Poppins-ExtraLightItalic.ttf */,
				682DC37C0EA74ED59F975668 /* Poppins-Italic.ttf */,
				AAFD00F31EBD4519BB16A7B3 /* Poppins-Light.ttf */,
				51022B7F6110499281AC3104 /* Poppins-LightItalic.ttf */,
				4AA12F400A594D0CB7266E6F /* Poppins-Medium.ttf */,
				93FA4399D15D48C29AE68988 /* Poppins-MediumItalic.ttf */,
				7C0382C6EA96440DB3550BD5 /* Poppins-Regular.ttf */,
				BF885958A7B5481B80E0C313 /* Poppins-SemiBold.ttf */,
				5EA879622A1F46DAA63340EB /* Poppins-SemiBoldItalic.ttf */,
				8AA1407A99BC41FC94889112 /* Poppins-Thin.ttf */,
				E5A1FF18500440FFA49F304C /* Poppins-ThinItalic.ttf */,
				32F81F0873C1404ABFB3536A /* OFL.txt */,
				54B2676755EB44129B6BE1D1 /* README.txt */,
			);
			name = Resources;
			path = "";
			sourceTree = "<group>";
		};
		832341AE1AAA6A7D00B99B32 /* Libraries */ = {
			isa = PBXGroup;
			children = (
			);
			name = Libraries;
			sourceTree = "<group>";
		};
		83CBB9F61A601CBA00E9B192 = {
			isa = PBXGroup;
			children = (
				13B07FAE1A68108700A75B9A /* PrajaClientMobileApp */,
				832341AE1AAA6A7D00B99B32 /* Libraries */,
				83CBBA001A601CBA00E9B192 /* Products */,
				2D16E6871FA4F8E400B85C8A /* Frameworks */,
				BBD78D7AC51CEA395F1C20DB /* Pods */,
				7C346DEF020942B4BD8A6A76 /* Resources */,
			);
			indentWidth = 2;
			sourceTree = "<group>";
			tabWidth = 2;
			usesTabs = 0;
		};
		83CBBA001A601CBA00E9B192 /* Products */ = {
			isa = PBXGroup;
			children = (
				13B07F961A680F5B00A75B9A /* PrajaClientMobileApp.app */,
			);
			name = Products;
			sourceTree = "<group>";
		};
		BBD78D7AC51CEA395F1C20DB /* Pods */ = {
			isa = PBXGroup;
			children = (
				008039859E2ADCFD7F51E3ED /* Pods-PrajaClientMobileApp.debug.xcconfig */,
				26228806D898EC301F7CA621 /* Pods-PrajaClientMobileApp.release.xcconfig */,
			);
			path = Pods;
			sourceTree = "<group>";
		};
/* End PBXGroup section */

/* Begin PBXNativeTarget section */
		13B07F861A680F5B00A75B9A /* PrajaClientMobileApp */ = {
			isa = PBXNativeTarget;
			buildConfigurationList = 13B07F931A680F5B00A75B9A /* Build configuration list for PBXNativeTarget "PrajaClientMobileApp" */;
			buildPhases = (
				C8E95BBCC26BF1C3E7158932 /* [CP] Check Pods Manifest.lock */,
				13B07F871A680F5B00A75B9A /* Sources */,
				13B07F8C1A680F5B00A75B9A /* Frameworks */,
				13B07F8E1A680F5B00A75B9A /* Resources */,
				00DD1BFF1BD5951E006B06BC /* Bundle React Native code and images */,
				6204B921AA6E3AB08691F011 /* [CP] Embed Pods Frameworks */,
				B6D479788A4DEB912B09BA6B /* [CP] Copy Pods Resources */,
			);
			buildRules = (
			);
			dependencies = (
			);
			name = PrajaClientMobileApp;
			productName = PrajaClientMobileApp;
			productReference = 13B07F961A680F5B00A75B9A /* PrajaClientMobileApp.app */;
			productType = "com.apple.product-type.application";
		};
/* End PBXNativeTarget section */

/* Begin PBXProject section */
		83CBB9F71A601CBA00E9B192 /* Project object */ = {
			isa = PBXProject;
			attributes = {
				LastUpgradeCheck = 1210;
				TargetAttributes = {
					13B07F861A680F5B00A75B9A = {
						LastSwiftMigration = 1120;
					};
				};
			};
			buildConfigurationList = 83CBB9FA1A601CBA00E9B192 /* Build configuration list for PBXProject "PrajaClientMobileApp" */;
			compatibilityVersion = "Xcode 12.0";
			developmentRegion = en;
			hasScannedForEncodings = 0;
			knownRegions = (
				en,
				Base,
			);
			mainGroup = 83CBB9F61A601CBA00E9B192;
			productRefGroup = 83CBBA001A601CBA00E9B192 /* Products */;
			projectDirPath = "";
			projectRoot = "";
			targets = (
				13B07F861A680F5B00A75B9A /* PrajaClientMobileApp */,
			);
		};
/* End PBXProject section */

/* Begin PBXResourcesBuildPhase section */
		13B07F8E1A680F5B00A75B9A /* Resources */ = {
			isa = PBXResourcesBuildPhase;
			buildActionMask = 2147483647;
			files = (
				81AB9BB82411601600AC10FF /* LaunchScreen.storyboard in Resources */,
				13B07FBF1A68108700A75B9A /* Images.xcassets in Resources */,
				E2B0DC0CCA31A81CE5D7E36D /* PrivacyInfo.xcprivacy in Resources */,
				320D2F3B7D1C4D76B022176E /* Montserrat-Italic-VariableFont_wght.ttf in Resources */,
				A5C066634CA44318B63C02B3 /* Montserrat-VariableFont_wght.ttf in Resources */,
				EE49E18AE0FE4B4AA4604BB5 /* Montserrat-Black.ttf in Resources */,
				BF803373F4024D9F90169F57 /* Montserrat-BlackItalic.ttf in Resources */,
				2601DAAAD59D4BBB9DA90B67 /* Montserrat-Bold.ttf in Resources */,
				F6C0E56AB76F4980B104B0C6 /* Montserrat-BoldItalic.ttf in Resources */,
				7AAB08EA82FA4F878FFEABEF /* Montserrat-ExtraBold.ttf in Resources */,
				F5F40D5139FD4EBEA6015548 /* Montserrat-ExtraBoldItalic.ttf in Resources */,
				7BBCFFC4D51E4E1580D03034 /* Montserrat-ExtraLight.ttf in Resources */,
				00EBFCBAB53B4CBB8C889BEC /* Montserrat-ExtraLightItalic.ttf in Resources */,
				2E5C188EAC4B458C945D4444 /* Montserrat-Italic.ttf in Resources */,
				88DF323D139043A383CE11C6 /* Montserrat-Light.ttf in Resources */,
				8D1A80832A4D4AC9B99FD06B /* Montserrat-LightItalic.ttf in Resources */,
				568794D8FEC4459C87A4C80E /* Montserrat-Medium.ttf in Resources */,
				B26545D6B85341AFA09C1313 /* Montserrat-MediumItalic.ttf in Resources */,
				50993731BA2C46FCBDB31EA9 /* Montserrat-Regular.ttf in Resources */,
				BA6019A09CD146F39452A319 /* Montserrat-SemiBold.ttf in Resources */,
				C20A90E840B743C3B26B4C6F /* Montserrat-SemiBoldItalic.ttf in Resources */,
				35EA07E51DE14B11A50873F0 /* Montserrat-Thin.ttf in Resources */,
				34C4EB455C5B4B4BA8486F78 /* Montserrat-ThinItalic.ttf in Resources */,
				98A03894C2E94B9CB1C869C0 /* Poppins-Black.ttf in Resources */,
				BCF48108764043A9B5DA02F0 /* Poppins-BlackItalic.ttf in Resources */,
				E77124B679BD4238AF0D657D /* Poppins-Bold.ttf in Resources */,
				2011A33DE06644329F613E43 /* Poppins-BoldItalic.ttf in Resources */,
				B8D84B6BD5004D4D95194C9D /* Poppins-ExtraBold.ttf in Resources */,
				6022C0A098F3456CB51717EB /* Poppins-ExtraBoldItalic.ttf in Resources */,
				AB5258E6A97D411D9E074E4F /* Poppins-ExtraLight.ttf in Resources */,
				5CF06381125544C0B31D1B32 /* Poppins-ExtraLightItalic.ttf in Resources */,
				A1EA5C2158F14861A59093CF /* Poppins-Italic.ttf in Resources */,
				DD7948F164534E16B5F8884A /* Poppins-Light.ttf in Resources */,
				6A844F6B95534DB8B0CA650B /* Poppins-LightItalic.ttf in Resources */,
				148CFDEEF5EC400CAFCB3EE2 /* Poppins-Medium.ttf in Resources */,
				AB739954152648158B7B7E9C /* Poppins-MediumItalic.ttf in Resources */,
				CDD77F1C7BA040BFAF85F8CD /* Poppins-Regular.ttf in Resources */,
				E770335635CC4719B2A20A06 /* Poppins-SemiBold.ttf in Resources */,
				DF77573276BF4C948229EEB4 /* Poppins-SemiBoldItalic.ttf in Resources */,
				46B014CCFEA048EB92F7378F /* Poppins-Thin.ttf in Resources */,
				EBA50F42A59A4F2ABE63BBB8 /* Poppins-ThinItalic.ttf in Resources */,
				26388D0DAFCE4EE6871774E9 /* OFL.txt in Resources */,
				31F3274B90A1457AB5B9D4F9 /* README.txt in Resources */,
			);
			runOnlyForDeploymentPostprocessing = 0;
		};
/* End PBXResourcesBuildPhase section */

/* Begin PBXShellScriptBuildPhase section */
		00DD1BFF1BD5951E006B06BC /* Bundle React Native code and images */ = {
			isa = PBXShellScriptBuildPhase;
			buildActionMask = 2147483647;
			files = (
			);
			inputPaths = (
				"$(SRCROOT)/.xcode.env.local",
				"$(SRCROOT)/.xcode.env",
			);
			name = "Bundle React Native code and images";
			outputPaths = (
			);
			runOnlyForDeploymentPostprocessing = 0;
			shellPath = /bin/sh;
			shellScript = "set -e\n\nWITH_ENVIRONMENT=\"$REACT_NATIVE_PATH/scripts/xcode/with-environment.sh\"\nREACT_NATIVE_XCODE=\"$REACT_NATIVE_PATH/scripts/react-native-xcode.sh\"\n\n/bin/sh -c \"$WITH_ENVIRONMENT $REACT_NATIVE_XCODE\"\n";
		};
		6204B921AA6E3AB08691F011 /* [CP] Embed Pods Frameworks */ = {
			isa = PBXShellScriptBuildPhase;
			buildActionMask = 2147483647;
			files = (
			);
			inputFileListPaths = (
				"${PODS_ROOT}/Target Support Files/Pods-PrajaClientMobileApp/Pods-PrajaClientMobileApp-frameworks-${CONFIGURATION}-input-files.xcfilelist",
			);
			name = "[CP] Embed Pods Frameworks";
			outputFileListPaths = (
				"${PODS_ROOT}/Target Support Files/Pods-PrajaClientMobileApp/Pods-PrajaClientMobileApp-frameworks-${CONFIGURATION}-output-files.xcfilelist",
			);
			runOnlyForDeploymentPostprocessing = 0;
			shellPath = /bin/sh;
			shellScript = "\"${PODS_ROOT}/Target Support Files/Pods-PrajaClientMobileApp/Pods-PrajaClientMobileApp-frameworks.sh\"\n";
			showEnvVarsInLog = 0;
		};
		B6D479788A4DEB912B09BA6B /* [CP] Copy Pods Resources */ = {
			isa = PBXShellScriptBuildPhase;
			buildActionMask = 2147483647;
			files = (
			);
			inputFileListPaths = (
				"${PODS_ROOT}/Target Support Files/Pods-PrajaClientMobileApp/Pods-PrajaClientMobileApp-resources-${CONFIGURATION}-input-files.xcfilelist",
			);
			name = "[CP] Copy Pods Resources";
			outputFileListPaths = (
				"${PODS_ROOT}/Target Support Files/Pods-PrajaClientMobileApp/Pods-PrajaClientMobileApp-resources-${CONFIGURATION}-output-files.xcfilelist",
			);
			runOnlyForDeploymentPostprocessing = 0;
			shellPath = /bin/sh;
			shellScript = "\"${PODS_ROOT}/Target Support Files/Pods-PrajaClientMobileApp/Pods-PrajaClientMobileApp-resources.sh\"\n";
			showEnvVarsInLog = 0;
		};
		C8E95BBCC26BF1C3E7158932 /* [CP] Check Pods Manifest.lock */ = {
			isa = PBXShellScriptBuildPhase;
			buildActionMask = 2147483647;
			files = (
			);
			inputFileListPaths = (
			);
			inputPaths = (
				"${PODS_PODFILE_DIR_PATH}/Podfile.lock",
				"${PODS_ROOT}/Manifest.lock",
			);
			name = "[CP] Check Pods Manifest.lock";
			outputFileListPaths = (
			);
			outputPaths = (
				"$(DERIVED_FILE_DIR)/Pods-PrajaClientMobileApp-checkManifestLockResult.txt",
			);
			runOnlyForDeploymentPostprocessing = 0;
			shellPath = /bin/sh;
			shellScript = "diff \"${PODS_PODFILE_DIR_PATH}/Podfile.lock\" \"${PODS_ROOT}/Manifest.lock\" > /dev/null\nif [ $? != 0 ] ; then\n    # print error to STDERR\n    echo \"error: The sandbox is not in sync with the Podfile.lock. Run 'pod install' or update your CocoaPods installation.\" >&2\n    exit 1\nfi\n# This output is used by Xcode 'outputs' to avoid re-running this script phase.\necho \"SUCCESS\" > \"${SCRIPT_OUTPUT_FILE_0}\"\n";
			showEnvVarsInLog = 0;
		};
/* End PBXShellScriptBuildPhase section */

/* Begin PBXSourcesBuildPhase section */
		13B07F871A680F5B00A75B9A /* Sources */ = {
			isa = PBXSourcesBuildPhase;
			buildActionMask = 2147483647;
			files = (
				761780ED2CA45674006654EE /* AppDelegate.swift in Sources */,
			);
			runOnlyForDeploymentPostprocessing = 0;
		};
/* End PBXSourcesBuildPhase section */

/* Begin XCBuildConfiguration section */
		13B07F941A680F5B00A75B9A /* Debug */ = {
			isa = XCBuildConfiguration;
			baseConfigurationReference = 008039859E2ADCFD7F51E3ED /* Pods-PrajaClientMobileApp.debug.xcconfig */;
			buildSettings = {
				ASSETCATALOG_COMPILER_APPICON_NAME = AppIcon;
				CLANG_ENABLE_MODULES = YES;
				CURRENT_PROJECT_VERSION = 1;
				DEVELOPMENT_TEAM = 7DZ97Z6G95;
				ENABLE_BITCODE = NO;
				INFOPLIST_FILE = PrajaClientMobileApp/Info.plist;
				IPHONEOS_DEPLOYMENT_TARGET = 15.1;
				LD_RUNPATH_SEARCH_PATHS = (
					"$(inherited)",
					"@executable_path/Frameworks",
				);
				MARKETING_VERSION = 1.0;
				OTHER_LDFLAGS = (
					"$(inherited)",
					"-ObjC",
					"-lc++",
				);
				PRODUCT_BUNDLE_IDENTIFIER = "org.reactjs.native.example.$(PRODUCT_NAME:rfc1034identifier)";
				"PRODUCT_BUNDLE_IDENTIFIER[sdk=iphoneos*]" = com.praja.client.app;
				PRODUCT_NAME = PrajaClientMobileApp;
				SWIFT_OPTIMIZATION_LEVEL = "-Onone";
				SWIFT_VERSION = 5.0;
				VERSIONING_SYSTEM = "apple-generic";
			};
			name = Debug;
		};
		13B07F951A680F5B00A75B9A /* Release */ = {
			isa = XCBuildConfiguration;
			baseConfigurationReference = 26228806D898EC301F7CA621 /* Pods-PrajaClientMobileApp.release.xcconfig */;
			buildSettings = {
				ASSETCATALOG_COMPILER_APPICON_NAME = AppIcon;
				CLANG_ENABLE_MODULES = YES;
				CURRENT_PROJECT_VERSION = 1;
				DEVELOPMENT_TEAM = 7DZ97Z6G95;
				INFOPLIST_FILE = PrajaClientMobileApp/Info.plist;
				IPHONEOS_DEPLOYMENT_TARGET = 15.1;
				LD_RUNPATH_SEARCH_PATHS = (
					"$(inherited)",
					"@executable_path/Frameworks",
				);
				MARKETING_VERSION = 1.0;
				OTHER_LDFLAGS = (
					"$(inherited)",
					"-ObjC",
					"-lc++",
				);
				PRODUCT_BUNDLE_IDENTIFIER = "org.reactjs.native.example.$(PRODUCT_NAME:rfc1034identifier)";
				"PRODUCT_BUNDLE_IDENTIFIER[sdk=iphoneos*]" = com.praja.client.app;
				PRODUCT_NAME = PrajaClientMobileApp;
				SWIFT_VERSION = 5.0;
				VERSIONING_SYSTEM = "apple-generic";
			};
			name = Release;
		};
		83CBBA201A601CBA00E9B192 /* Debug */ = {
			isa = XCBuildConfiguration;
			buildSettings = {
				ALWAYS_SEARCH_USER_PATHS = NO;
				CLANG_ANALYZER_LOCALIZABILITY_NONLOCALIZED = YES;
				CLANG_CXX_LANGUAGE_STANDARD = "c++20";
				CLANG_CXX_LIBRARY = "libc++";
				CLANG_ENABLE_MODULES = YES;
				CLANG_ENABLE_OBJC_ARC = YES;
				CLANG_WARN_BLOCK_CAPTURE_AUTORELEASING = YES;
				CLANG_WARN_BOOL_CONVERSION = YES;
				CLANG_WARN_COMMA = YES;
				CLANG_WARN_CONSTANT_CONVERSION = YES;
				CLANG_WARN_DEPRECATED_OBJC_IMPLEMENTATIONS = YES;
				CLANG_WARN_DIRECT_OBJC_ISA_USAGE = YES_ERROR;
				CLANG_WARN_EMPTY_BODY = YES;
				CLANG_WARN_ENUM_CONVERSION = YES;
				CLANG_WARN_INFINITE_RECURSION = YES;
				CLANG_WARN_INT_CONVERSION = YES;
				CLANG_WARN_NON_LITERAL_NULL_CONVERSION = YES;
				CLANG_WARN_OBJC_IMPLICIT_RETAIN_SELF = YES;
				CLANG_WARN_OBJC_LITERAL_CONVERSION = YES;
				CLANG_WARN_OBJC_ROOT_CLASS = YES_ERROR;
				CLANG_WARN_QUOTED_INCLUDE_IN_FRAMEWORK_HEADER = YES;
				CLANG_WARN_RANGE_LOOP_ANALYSIS = YES;
				CLANG_WARN_STRICT_PROTOTYPES = YES;
				CLANG_WARN_SUSPICIOUS_MOVE = YES;
				CLANG_WARN_UNREACHABLE_CODE = YES;
				CLANG_WARN__DUPLICATE_METHOD_MATCH = YES;
				"CODE_SIGN_IDENTITY[sdk=iphoneos*]" = "iPhone Developer";
				COPY_PHASE_STRIP = NO;
				ENABLE_STRICT_OBJC_MSGSEND = YES;
				ENABLE_TESTABILITY = YES;
				"EXCLUDED_ARCHS[sdk=iphonesimulator*]" = "";
				GCC_C_LANGUAGE_STANDARD = gnu99;
				GCC_DYNAMIC_NO_PIC = NO;
				GCC_NO_COMMON_BLOCKS = YES;
				GCC_OPTIMIZATION_LEVEL = 0;
				GCC_PREPROCESSOR_DEFINITIONS = (
					"DEBUG=1",
					"$(inherited)",
				);
				GCC_SYMBOLS_PRIVATE_EXTERN = NO;
				GCC_WARN_64_TO_32_BIT_CONVERSION = YES;
				GCC_WARN_ABOUT_RETURN_TYPE = YES_ERROR;
				GCC_WARN_UNDECLARED_SELECTOR = YES;
				GCC_WARN_UNINITIALIZED_AUTOS = YES_AGGRESSIVE;
				GCC_WARN_UNUSED_FUNCTION = YES;
				GCC_WARN_UNUSED_VARIABLE = YES;
				IPHONEOS_DEPLOYMENT_TARGET = 15.1;
				LD_RUNPATH_SEARCH_PATHS = (
					/usr/lib/swift,
					"$(inherited)",
				);
				LIBRARY_SEARCH_PATHS = (
					"\"$(SDKROOT)/usr/lib/swift\"",
					"\"$(TOOLCHAIN_DIR)/usr/lib/swift/$(PLATFORM_NAME)\"",
					"\"$(inherited)\"",
				);
				MTL_ENABLE_DEBUG_INFO = YES;
				ONLY_ACTIVE_ARCH = YES;
				OTHER_CPLUSPLUSFLAGS = (
					"$(OTHER_CFLAGS)",
					"-DFOLLY_NO_CONFIG",
					"-DFOLLY_MOBILE=1",
					"-DFOLLY_USE_LIBCPP=1",
					"-DFOLLY_CFG_NO_COROUTINES=1",
					"-DFOLLY_HAVE_CLOCK_GETTIME=1",
				);
				REACT_NATIVE_PATH = "${PODS_ROOT}/../../node_modules/react-native";
				SDKROOT = iphoneos;
				SWIFT_ACTIVE_COMPILATION_CONDITIONS = "$(inherited) DEBUG";
				USE_HERMES = true;
			};
			name = Debug;
		};
		83CBBA211A601CBA00E9B192 /* Release */ = {
			isa = XCBuildConfiguration;
			buildSettings = {
				ALWAYS_SEARCH_USER_PATHS = NO;
				CLANG_ANALYZER_LOCALIZABILITY_NONLOCALIZED = YES;
				CLANG_CXX_LANGUAGE_STANDARD = "c++20";
				CLANG_CXX_LIBRARY = "libc++";
				CLANG_ENABLE_MODULES = YES;
				CLANG_ENABLE_OBJC_ARC = YES;
				CLANG_WARN_BLOCK_CAPTURE_AUTORELEASING = YES;
				CLANG_WARN_BOOL_CONVERSION = YES;
				CLANG_WARN_COMMA = YES;
				CLANG_WARN_CONSTANT_CONVERSION = YES;
				CLANG_WARN_DEPRECATED_OBJC_IMPLEMENTATIONS = YES;
				CLANG_WARN_DIRECT_OBJC_ISA_USAGE = YES_ERROR;
				CLANG_WARN_EMPTY_BODY = YES;
				CLANG_WARN_ENUM_CONVERSION = YES;
				CLANG_WARN_INFINITE_RECURSION = YES;
				CLANG_WARN_INT_CONVERSION = YES;
				CLANG_WARN_NON_LITERAL_NULL_CONVERSION = YES;
				CLANG_WARN_OBJC_IMPLICIT_RETAIN_SELF = YES;
				CLANG_WARN_OBJC_LITERAL_CONVERSION = YES;
				CLANG_WARN_OBJC_ROOT_CLASS = YES_ERROR;
				CLANG_WARN_QUOTED_INCLUDE_IN_FRAMEWORK_HEADER = YES;
				CLANG_WARN_RANGE_LOOP_ANALYSIS = YES;
				CLANG_WARN_STRICT_PROTOTYPES = YES;
				CLANG_WARN_SUSPICIOUS_MOVE = YES;
				CLANG_WARN_UNREACHABLE_CODE = YES;
				CLANG_WARN__DUPLICATE_METHOD_MATCH = YES;
				"CODE_SIGN_IDENTITY[sdk=iphoneos*]" = "iPhone Developer";
				COPY_PHASE_STRIP = YES;
				ENABLE_NS_ASSERTIONS = NO;
				ENABLE_STRICT_OBJC_MSGSEND = YES;
				"EXCLUDED_ARCHS[sdk=iphonesimulator*]" = "";
				GCC_C_LANGUAGE_STANDARD = gnu99;
				GCC_NO_COMMON_BLOCKS = YES;
				GCC_WARN_64_TO_32_BIT_CONVERSION = YES;
				GCC_WARN_ABOUT_RETURN_TYPE = YES_ERROR;
				GCC_WARN_UNDECLARED_SELECTOR = YES;
				GCC_WARN_UNINITIALIZED_AUTOS = YES_AGGRESSIVE;
				GCC_WARN_UNUSED_FUNCTION = YES;
				GCC_WARN_UNUSED_VARIABLE = YES;
				IPHONEOS_DEPLOYMENT_TARGET = 15.1;
				LD_RUNPATH_SEARCH_PATHS = (
					/usr/lib/swift,
					"$(inherited)",
				);
				LIBRARY_SEARCH_PATHS = (
					"\"$(SDKROOT)/usr/lib/swift\"",
					"\"$(TOOLCHAIN_DIR)/usr/lib/swift/$(PLATFORM_NAME)\"",
					"\"$(inherited)\"",
				);
				MTL_ENABLE_DEBUG_INFO = NO;
				OTHER_CPLUSPLUSFLAGS = (
					"$(OTHER_CFLAGS)",
					"-DFOLLY_NO_CONFIG",
					"-DFOLLY_MOBILE=1",
					"-DFOLLY_USE_LIBCPP=1",
					"-DFOLLY_CFG_NO_COROUTINES=1",
					"-DFOLLY_HAVE_CLOCK_GETTIME=1",
				);
				REACT_NATIVE_PATH = "${PODS_ROOT}/../../node_modules/react-native";
				SDKROOT = iphoneos;
				USE_HERMES = true;
				VALIDATE_PRODUCT = YES;
			};
			name = Release;
		};
/* End XCBuildConfiguration section */

/* Begin XCConfigurationList section */
		13B07F931A680F5B00A75B9A /* Build configuration list for PBXNativeTarget "PrajaClientMobileApp" */ = {
			isa = XCConfigurationList;
			buildConfigurations = (
				13B07F941A680F5B00A75B9A /* Debug */,
				13B07F951A680F5B00A75B9A /* Release */,
			);
			defaultConfigurationIsVisible = 0;
			defaultConfigurationName = Release;
		};
		83CBB9FA1A601CBA00E9B192 /* Build configuration list for PBXProject "PrajaClientMobileApp" */ = {
			isa = XCConfigurationList;
			buildConfigurations = (
				83CBBA201A601CBA00E9B192 /* Debug */,
				83CBBA211A601CBA00E9B192 /* Release */,
			);
			defaultConfigurationIsVisible = 0;
			defaultConfigurationName = Release;
		};
/* End XCConfigurationList section */
	};
	rootObject = 83CBB9F71A601CBA00E9B192 /* Project object */;
}
